
Microsoft Visual Studio Solution File, Format Version 12.00
# Visual Studio 15
VisualStudioVersion = 15.0.27004.2010
MinimumVisualStudioVersion = 10.0.40219.1
Project("{FAE04EC0-301F-11D3-BF4B-00C04F79EFBC}") = "StyleWPF", "StyleWPF\StyleWPF.csproj", "{0C29F6FE-83EE-487B-99DD-02909E9A69A6}"
EndProject
Global
	GlobalSection(SolutionConfigurationPlatforms) = preSolution
		Debug|Any CPU = Debug|Any CPU
		Release|Any CPU = Release|Any CPU
	EndGlobalSection
	GlobalSection(ProjectConfigurationPlatforms) = postSolution
		{0C29F6FE-83EE-487B-99DD-02909E9A69A6}.Debug|Any CPU.ActiveCfg = Debug|Any CPU
		{0C29F6FE-83EE-487B-99DD-02909E9A69A6}.Debug|Any CPU.Build.0 = Debug|Any CPU
		{0C29F6FE-83EE-487B-99DD-02909E9A69A6}.Release|Any CPU.ActiveCfg = Release|Any CPU
		{0C29F6FE-83EE-487B-99DD-02909E9A69A6}.Release|Any CPU.Build.0 = Release|Any CPU
	EndGlobalSection
	GlobalSection(SolutionProperties) = preSolution
		HideSolutionNode = FALSE
	EndGlobalSection
	GlobalSection(ExtensibilityGlobals) = postSolution
		SolutionGuid = {9FD59D7B-23DF-4AD3-9917-B3FD0C27B786}
	EndGlobalSection
EndGlobal
